
Microsoft Visual Studio Solution File, Format Version 12.00
# Visual Studio Version 17
VisualStudioVersion = 17.0.31919.166
MinimumVisualStudioVersion = 10.0.40219.1
Project("{FAE04EC0-301F-11D3-BF4B-00C04F79EFBC}") = "CarsAPI", "CarsAPI\CarsAPI.csproj", "{3AEEFC2E-8300-4B95-BF8D-CFF0C77C773D}"
EndProject
Global
	GlobalSection(SolutionConfigurationPlatforms) = preSolution
		Debug|Any CPU = Debug|Any CPU
		Release|Any CPU = Release|Any CPU
	EndGlobalSection
	GlobalSection(ProjectConfigurationPlatforms) = postSolution
		{3AEEFC2E-8300-4B95-BF8D-CFF0C77C773D}.Debug|Any CPU.ActiveCfg = Debug|Any CPU
		{3AEEFC2E-8300-4B95-BF8D-CFF0C77C773D}.Debug|Any CPU.Build.0 = Debug|Any CPU
		{3AEEFC2E-8300-4B95-BF8D-CFF0C77C773D}.Release|Any CPU.ActiveCfg = Release|Any CPU
		{3AEEFC2E-8300-4B95-BF8D-CFF0C77C773D}.Release|Any CPU.Build.0 = Release|Any CPU
	EndGlobalSection
	GlobalSection(SolutionProperties) = preSolution
		HideSolutionNode = FALSE
	EndGlobalSection
	GlobalSection(ExtensibilityGlobals) = postSolution
		SolutionGuid = {5A6D7813-5E4C-49E6-BEE4-FB98F979D300}
	EndGlobalSection
EndGlobal
